
Microsoft Visual Studio Solution File, Format Version 12.00
# Visual Studio Version 16
VisualStudioVersion = 16.0.30011.22
MinimumVisualStudioVersion = 10.0.40219.1
Project("{FAE04EC0-301F-11D3-BF4B-00C04F79EFBC}") = "TodoList API", "TodoList API\TodoList API.csproj", "{A449D93C-EAB4-4307-86BD-36077820987A}"
EndProject
Global
	GlobalSection(SolutionConfigurationPlatforms) = preSolution
		Debug|Any CPU = Debug|Any CPU
		Release|Any CPU = Release|Any CPU
	EndGlobalSection
	GlobalSection(ProjectConfigurationPlatforms) = postSolution
		{A449D93C-EAB4-4307-86BD-36077820987A}.Debug|Any CPU.ActiveCfg = Debug|Any CPU
		{A449D93C-EAB4-4307-86BD-36077820987A}.Debug|Any CPU.Build.0 = Debug|Any CPU
		{A449D93C-EAB4-4307-86BD-36077820987A}.Release|Any CPU.ActiveCfg = Release|Any CPU
		{A449D93C-EAB4-4307-86BD-36077820987A}.Release|Any CPU.Build.0 = Release|Any CPU
	EndGlobalSection
	GlobalSection(SolutionProperties) = preSolution
		HideSolutionNode = FALSE
	EndGlobalSection
	GlobalSection(ExtensibilityGlobals) = postSolution
		SolutionGuid = {6F4B85A1-CDF0-4C1D-9BD2-54EF8DE64839}
	EndGlobalSection
EndGlobal
